{
  "nodes": {
    "deploy-rs": {
      "inputs": {
        "flake-compat": "flake-compat",
        "nixpkgs": [
          "nixpkgs"
        ],
        "utils": "utils"
      },
      "locked": {
        "lastModified": 1659725433,
        "narHash": "sha256-1ZxuK67TL29YLw88vQ18Y2Y6iYg8Jb7I6/HVzmNB6nM=",
        "owner": "serokell",
        "repo": "deploy-rs",
        "rev": "41f15759dd8b638e7b4f299730d94d5aa46ab7eb",
        "type": "github"
      },
      "original": {
        "owner": "serokell",
        "repo": "deploy-rs",
        "type": "github"
      }
    },
    "flake-compat": {
      "flake": false,
      "locked": {
        "lastModified": 1648199409,
        "narHash": "sha256-JwPKdC2PoVBkG6E+eWw3j6BMR6sL3COpYWfif7RVb8Y=",
        "owner": "edolstra",
        "repo": "flake-compat",
        "rev": "64a525ee38886ab9028e6f61790de0832aa3ef03",
        "type": "github"
      },
      "original": {
        "owner": "edolstra",
        "repo": "flake-compat",
        "type": "github"
      }
    },
    "home-manager": {
      "inputs": {
        "nixpkgs": [
          "nixpkgs"
        ],
        "utils": "utils_2"
      },
      "locked": {
        "lastModified": 1667574732,
        "narHash": "sha256-73TVk3uSQOja6Q/5OuNcpcqwo6+SMzJPRtYAjU0rBx4=",
        "owner": "nix-community",
        "repo": "home-manager",
        "rev": "b764068a506c6f70dba998efa0e7fcb99cb4deb2",
        "type": "github"
      },
      "original": {
        "owner": "nix-community",
        "repo": "home-manager",
        "type": "github"
      }
    },
    "nixpkgs": {
      "locked": {
        "lastModified": 1667612485,
        "narHash": "sha256-VCotbpxHEs7Tiu/mXpfDcr9nj4UB7/1DkS6ZhND1xeY=",
        "owner": "NixOS",
        "repo": "nixpkgs",
        "rev": "c28018857a879dec571b6e8acf9f2a0f4bb362c6",
        "type": "github"
      },
      "original": {
        "owner": "NixOS",
        "ref": "nixos-unstable-small",
        "repo": "nixpkgs",
        "type": "github"
      }
    },
    "nixpkgs-22_05": {
      "locked": {
        "lastModified": 1667091951,
        "narHash": "sha256-62sz0fn06Nq8OaeBYrYSR3Y6hUcp8/PC4dJ7HeGaOhU=",
        "owner": "NixOS",
        "repo": "nixpkgs",
        "rev": "6440d13df2327d2db13d3b17e419784020b71d22",
        "type": "github"
      },
      "original": {
        "owner": "NixOS",
        "ref": "release-22.05",
        "repo": "nixpkgs",
        "type": "github"
      }
    },
    "nur": {
      "locked": {
        "lastModified": 1667621290,
        "narHash": "sha256-6454VbSsWaQ8V2ChMuT3FxPQIc/uyT3rkweq83embY4=",
        "owner": "nix-community",
        "repo": "NUR",
        "rev": "4fd5d2c14764836ffa8e5c2a5103560528935670",
        "type": "github"
      },
      "original": {
        "owner": "nix-community",
        "repo": "NUR",
        "type": "github"
      }
    },
    "root": {
      "inputs": {
        "deploy-rs": "deploy-rs",
        "home-manager": "home-manager",
        "nixpkgs": "nixpkgs",
        "nur": "nur",
        "sops-nix": "sops-nix",
        "vscode-server": "vscode-server",
        "xiaoxi-repo": "xiaoxi-repo"
      }
    },
    "sops-nix": {
      "inputs": {
        "nixpkgs": [
          "nixpkgs"
        ],
        "nixpkgs-22_05": "nixpkgs-22_05"
      },
      "locked": {
        "lastModified": 1667427533,
        "narHash": "sha256-MsgTnQEi1g7f8anlW5klHW2pJgam4CLbJaYyBw2ed58=",
        "owner": "Mic92",
        "repo": "sops-nix",
        "rev": "486b4455da16272c1ed31bc82adcdbe7af829465",
        "type": "github"
      },
      "original": {
        "owner": "Mic92",
        "repo": "sops-nix",
        "type": "github"
      }
    },
    "utils": {
      "locked": {
        "lastModified": 1648297722,
        "narHash": "sha256-W+qlPsiZd8F3XkzXOzAoR+mpFqzm3ekQkJNa+PIh1BQ=",
        "owner": "numtide",
        "repo": "flake-utils",
        "rev": "0f8662f1319ad6abf89b3380dd2722369fc51ade",
        "type": "github"
      },
      "original": {
        "owner": "numtide",
        "repo": "flake-utils",
        "type": "github"
      }
    },
    "utils_2": {
      "locked": {
        "lastModified": 1667077288,
        "narHash": "sha256-bdC8sFNDpT0HK74u9fUkpbf1MEzVYJ+ka7NXCdgBoaA=",
        "owner": "numtide",
        "repo": "flake-utils",
        "rev": "6ee9ebb6b1ee695d2cacc4faa053a7b9baa76817",
        "type": "github"
      },
      "original": {
        "owner": "numtide",
        "repo": "flake-utils",
        "type": "github"
      }
    },
    "vscode-server": {
      "inputs": {
        "nixpkgs": [
          "nixpkgs"
        ]
      },
      "locked": {
        "lastModified": 1662442857,
        "narHash": "sha256-e2ex4mO4q6UBoJvPSRdYBX1vIvpulqs6SNxvdSsL6uE=",
        "owner": "msteen",
        "repo": "nixos-vscode-server",
        "rev": "c54b714db58ad05d064f394d6603751ee6bd04f6",
        "type": "github"
      },
      "original": {
        "owner": "msteen",
        "repo": "nixos-vscode-server",
        "type": "github"
      }
    },
    "xiaoxi-repo": {
      "inputs": {
        "nixpkgs": [
          "nixpkgs"
        ]
      },
      "locked": {
        "lastModified": 1667628381,
        "narHash": "sha256-BLaSFf7l26CJFxzvc91kO1MSMXjdtPoCe5BBC5XSaQE=",
        "owner": "xiaoxi654",
        "repo": "nix-packages",
        "rev": "7545d66dec82ede6695b34782fab86aba49aa27e",
        "type": "github"
      },
      "original": {
        "owner": "xiaoxi654",
        "repo": "nix-packages",
        "type": "github"
      }
    }
  },
  "root": "root",
  "version": 7
}
